
Microsoft Visual Studio Solution File, Format Version 12.00
# Visual Studio Version 16
VisualStudioVersion = 16.0.29709.97
MinimumVisualStudioVersion = 10.0.40219.1
Project("{FAE04EC0-301F-11D3-BF4B-00C04F79EFBC}") = "OnlineChatApplication", "OnlineChatApplication\OnlineChatApplication.csproj", "{685C8363-2DD6-48C8-953F-7163B23DAB7C}"
EndProject
Global
	GlobalSection(SolutionConfigurationPlatforms) = preSolution
		Debug|Any CPU = Debug|Any CPU
		Release|Any CPU = Release|Any CPU
	EndGlobalSection
	GlobalSection(ProjectConfigurationPlatforms) = postSolution
		{685C8363-2DD6-48C8-953F-7163B23DAB7C}.Debug|Any CPU.ActiveCfg = Debug|Any CPU
		{685C8363-2DD6-48C8-953F-7163B23DAB7C}.Debug|Any CPU.Build.0 = Debug|Any CPU
		{685C8363-2DD6-48C8-953F-7163B23DAB7C}.Release|Any CPU.ActiveCfg = Release|Any CPU
		{685C8363-2DD6-48C8-953F-7163B23DAB7C}.Release|Any CPU.Build.0 = Release|Any CPU
	EndGlobalSection
	GlobalSection(SolutionProperties) = preSolution
		HideSolutionNode = FALSE
	EndGlobalSection
	GlobalSection(ExtensibilityGlobals) = postSolution
		SolutionGuid = {65A66D42-0AAB-495F-A510-3FF42B08DAF7}
	EndGlobalSection
EndGlobal
